
Microsoft Visual Studio Solution File, Format Version 12.00
# Visual Studio Version 17
VisualStudioVersion = 17.5.33530.505
MinimumVisualStudioVersion = 10.0.40219.1
Project("{9A19103F-16F7-4668-BE54-9A1E7A4F7556}") = "Sprachfeatures", "Sprachfeatures\Sprachfeatures.csproj", "{F1F9A3D9-90BB-4526-90A4-2425B63A851D}"
EndProject
Project("{9A19103F-16F7-4668-BE54-9A1E7A4F7556}") = "TopLevelStatements", "TopLevelStatements\TopLevelStatements.csproj", "{2D999236-00FC-459E-B5A9-46942728ED80}"
EndProject
Project("{9A19103F-16F7-4668-BE54-9A1E7A4F7556}") = "Generics", "Generics\Generics.csproj", "{0FCD7219-AA31-4795-A210-EC83E21EA11B}"
EndProject
Project("{9A19103F-16F7-4668-BE54-9A1E7A4F7556}") = "DelegatesEvents", "DelegatesEvents\DelegatesEvents.csproj", "{0D3F38D4-E387-4A53-A052-E77FA5FB8386}"
EndProject
Project("{9A19103F-16F7-4668-BE54-9A1E7A4F7556}") = "DelegatesEventsWPF", "DelegatesEventsWPF\DelegatesEventsWPF.csproj", "{518CB268-C4A7-4B58-B62C-28BCBE728598}"
EndProject
Project("{9A19103F-16F7-4668-BE54-9A1E7A4F7556}") = "Serialisierung", "Serialisierung\Serialisierung.csproj", "{35E2E03F-53E2-4896-8473-81A947B84CC4}"
EndProject
Project("{9A19103F-16F7-4668-BE54-9A1E7A4F7556}") = "Benchmarks", "Benchmarks\Benchmarks.csproj", "{2E0EBF0A-3D17-408D-89A1-6726B5BA01AD}"
EndProject
Project("{9A19103F-16F7-4668-BE54-9A1E7A4F7556}") = "Multithreading", "Multithreading\Multithreading.csproj", "{9C6279E8-CAE9-4EEE-82AD-5892D0DA4982}"
EndProject
Project("{9A19103F-16F7-4668-BE54-9A1E7A4F7556}") = "Multitasking", "Multitasking\Multitasking.csproj", "{99B0A3FD-ABF9-4694-B36C-D7F67C3FDD11}"
EndProject
Project("{9A19103F-16F7-4668-BE54-9A1E7A4F7556}") = "AsyncAwait", "AsyncAwait\AsyncAwait.csproj", "{684D77C4-EB53-4D70-B7D7-8FFB33FE5749}"
EndProject
Project("{9A19103F-16F7-4668-BE54-9A1E7A4F7556}") = "AsyncAwaitWPF", "AsyncAwaitWPF\AsyncAwaitWPF.csproj", "{7E811A42-0F9C-4EA2-8009-F1E2E639D7F5}"
EndProject
Project("{9A19103F-16F7-4668-BE54-9A1E7A4F7556}") = "LinqErweiterungsmethoden", "LinqErweiterungsmethoden\LinqErweiterungsmethoden.csproj", "{3C72FBD6-2E6A-40F0-B776-FC9AE7257775}"
EndProject
Project("{FAE04EC0-301F-11D3-BF4B-00C04F79EFBC}") = "Reflection", "Reflection\Reflection.csproj", "{790391DC-A352-4264-8B15-4129DB279D18}"
EndProject
Project("{FAE04EC0-301F-11D3-BF4B-00C04F79EFBC}") = "PluginBase", "PluginBase\PluginBase.csproj", "{94615A1A-B201-4871-A66F-6238B0F65DC8}"
EndProject
Project("{FAE04EC0-301F-11D3-BF4B-00C04F79EFBC}") = "PluginCalculator", "PluginCalculator\PluginCalculator.csproj", "{FE9CA3AF-83C1-4CBB-A632-DAA0111E5E54}"
EndProject
Project("{FAE04EC0-301F-11D3-BF4B-00C04F79EFBC}") = "PluginClient", "PluginClient\PluginClient.csproj", "{724FA077-72D4-471C-8534-B013B0CA5AF0}"
EndProject
Global
	GlobalSection(SolutionConfigurationPlatforms) = preSolution
		Debug|Any CPU = Debug|Any CPU
		Release|Any CPU = Release|Any CPU
	EndGlobalSection
	GlobalSection(ProjectConfigurationPlatforms) = postSolution
		{F1F9A3D9-90BB-4526-90A4-2425B63A851D}.Debug|Any CPU.ActiveCfg = Debug|Any CPU
		{F1F9A3D9-90BB-4526-90A4-2425B63A851D}.Debug|Any CPU.Build.0 = Debug|Any CPU
		{F1F9A3D9-90BB-4526-90A4-2425B63A851D}.Release|Any CPU.ActiveCfg = Release|Any CPU
		{F1F9A3D9-90BB-4526-90A4-2425B63A851D}.Release|Any CPU.Build.0 = Release|Any CPU
		{2D999236-00FC-459E-B5A9-46942728ED80}.Debug|Any CPU.ActiveCfg = Debug|Any CPU
		{2D999236-00FC-459E-B5A9-46942728ED80}.Debug|Any CPU.Build.0 = Debug|Any CPU
		{2D999236-00FC-459E-B5A9-46942728ED80}.Release|Any CPU.ActiveCfg = Release|Any CPU
		{2D999236-00FC-459E-B5A9-46942728ED80}.Release|Any CPU.Build.0 = Release|Any CPU
		{0FCD7219-AA31-4795-A210-EC83E21EA11B}.Debug|Any CPU.ActiveCfg = Debug|Any CPU
		{0FCD7219-AA31-4795-A210-EC83E21EA11B}.Debug|Any CPU.Build.0 = Debug|Any CPU
		{0FCD7219-AA31-4795-A210-EC83E21EA11B}.Release|Any CPU.ActiveCfg = Release|Any CPU
		{0FCD7219-AA31-4795-A210-EC83E21EA11B}.Release|Any CPU.Build.0 = Release|Any CPU
		{0D3F38D4-E387-4A53-A052-E77FA5FB8386}.Debug|Any CPU.ActiveCfg = Debug|Any CPU
		{0D3F38D4-E387-4A53-A052-E77FA5FB8386}.Debug|Any CPU.Build.0 = Debug|Any CPU
		{0D3F38D4-E387-4A53-A052-E77FA5FB8386}.Release|Any CPU.ActiveCfg = Release|Any CPU
		{0D3F38D4-E387-4A53-A052-E77FA5FB8386}.Release|Any CPU.Build.0 = Release|Any CPU
		{518CB268-C4A7-4B58-B62C-28BCBE728598}.Debug|Any CPU.ActiveCfg = Debug|Any CPU
		{518CB268-C4A7-4B58-B62C-28BCBE728598}.Debug|Any CPU.Build.0 = Debug|Any CPU
		{518CB268-C4A7-4B58-B62C-28BCBE728598}.Release|Any CPU.ActiveCfg = Release|Any CPU
		{518CB268-C4A7-4B58-B62C-28BCBE728598}.Release|Any CPU.Build.0 = Release|Any CPU
		{35E2E03F-53E2-4896-8473-81A947B84CC4}.Debug|Any CPU.ActiveCfg = Debug|Any CPU
		{35E2E03F-53E2-4896-8473-81A947B84CC4}.Debug|Any CPU.Build.0 = Debug|Any CPU
		{35E2E03F-53E2-4896-8473-81A947B84CC4}.Release|Any CPU.ActiveCfg = Release|Any CPU
		{35E2E03F-53E2-4896-8473-81A947B84CC4}.Release|Any CPU.Build.0 = Release|Any CPU
		{2E0EBF0A-3D17-408D-89A1-6726B5BA01AD}.Debug|Any CPU.ActiveCfg = Debug|Any CPU
		{2E0EBF0A-3D17-408D-89A1-6726B5BA01AD}.Debug|Any CPU.Build.0 = Debug|Any CPU
		{2E0EBF0A-3D17-408D-89A1-6726B5BA01AD}.Release|Any CPU.ActiveCfg = Release|Any CPU
		{2E0EBF0A-3D17-408D-89A1-6726B5BA01AD}.Release|Any CPU.Build.0 = Release|Any CPU
		{9C6279E8-CAE9-4EEE-82AD-5892D0DA4982}.Debug|Any CPU.ActiveCfg = Debug|Any CPU
		{9C6279E8-CAE9-4EEE-82AD-5892D0DA4982}.Debug|Any CPU.Build.0 = Debug|Any CPU
		{9C6279E8-CAE9-4EEE-82AD-5892D0DA4982}.Release|Any CPU.ActiveCfg = Release|Any CPU
		{9C6279E8-CAE9-4EEE-82AD-5892D0DA4982}.Release|Any CPU.Build.0 = Release|Any CPU
		{99B0A3FD-ABF9-4694-B36C-D7F67C3FDD11}.Debug|Any CPU.ActiveCfg = Debug|Any CPU
		{99B0A3FD-ABF9-4694-B36C-D7F67C3FDD11}.Debug|Any CPU.Build.0 = Debug|Any CPU
		{99B0A3FD-ABF9-4694-B36C-D7F67C3FDD11}.Release|Any CPU.ActiveCfg = Release|Any CPU
		{99B0A3FD-ABF9-4694-B36C-D7F67C3FDD11}.Release|Any CPU.Build.0 = Release|Any CPU
		{684D77C4-EB53-4D70-B7D7-8FFB33FE5749}.Debug|Any CPU.ActiveCfg = Debug|Any CPU
		{684D77C4-EB53-4D70-B7D7-8FFB33FE5749}.Debug|Any CPU.Build.0 = Debug|Any CPU
		{684D77C4-EB53-4D70-B7D7-8FFB33FE5749}.Release|Any CPU.ActiveCfg = Release|Any CPU
		{684D77C4-EB53-4D70-B7D7-8FFB33FE5749}.Release|Any CPU.Build.0 = Release|Any CPU
		{7E811A42-0F9C-4EA2-8009-F1E2E639D7F5}.Debug|Any CPU.ActiveCfg = Debug|Any CPU
		{7E811A42-0F9C-4EA2-8009-F1E2E639D7F5}.Debug|Any CPU.Build.0 = Debug|Any CPU
		{7E811A42-0F9C-4EA2-8009-F1E2E639D7F5}.Release|Any CPU.ActiveCfg = Release|Any CPU
		{7E811A42-0F9C-4EA2-8009-F1E2E639D7F5}.Release|Any CPU.Build.0 = Release|Any CPU
		{3C72FBD6-2E6A-40F0-B776-FC9AE7257775}.Debug|Any CPU.ActiveCfg = Debug|Any CPU
		{3C72FBD6-2E6A-40F0-B776-FC9AE7257775}.Debug|Any CPU.Build.0 = Debug|Any CPU
		{3C72FBD6-2E6A-40F0-B776-FC9AE7257775}.Release|Any CPU.ActiveCfg = Release|Any CPU
		{3C72FBD6-2E6A-40F0-B776-FC9AE7257775}.Release|Any CPU.Build.0 = Release|Any CPU
		{790391DC-A352-4264-8B15-4129DB279D18}.Debug|Any CPU.ActiveCfg = Debug|Any CPU
		{790391DC-A352-4264-8B15-4129DB279D18}.Debug|Any CPU.Build.0 = Debug|Any CPU
		{790391DC-A352-4264-8B15-4129DB279D18}.Release|Any CPU.ActiveCfg = Release|Any CPU
		{790391DC-A352-4264-8B15-4129DB279D18}.Release|Any CPU.Build.0 = Release|Any CPU
		{94615A1A-B201-4871-A66F-6238B0F65DC8}.Debug|Any CPU.ActiveCfg = Debug|Any CPU
		{94615A1A-B201-4871-A66F-6238B0F65DC8}.Debug|Any CPU.Build.0 = Debug|Any CPU
		{94615A1A-B201-4871-A66F-6238B0F65DC8}.Release|Any CPU.ActiveCfg = Release|Any CPU
		{94615A1A-B201-4871-A66F-6238B0F65DC8}.Release|Any CPU.Build.0 = Release|Any CPU
		{FE9CA3AF-83C1-4CBB-A632-DAA0111E5E54}.Debug|Any CPU.ActiveCfg = Debug|Any CPU
		{FE9CA3AF-83C1-4CBB-A632-DAA0111E5E54}.Debug|Any CPU.Build.0 = Debug|Any CPU
		{FE9CA3AF-83C1-4CBB-A632-DAA0111E5E54}.Release|Any CPU.ActiveCfg = Release|Any CPU
		{FE9CA3AF-83C1-4CBB-A632-DAA0111E5E54}.Release|Any CPU.Build.0 = Release|Any CPU
		{724FA077-72D4-471C-8534-B013B0CA5AF0}.Debug|Any CPU.ActiveCfg = Debug|Any CPU
		{724FA077-72D4-471C-8534-B013B0CA5AF0}.Debug|Any CPU.Build.0 = Debug|Any CPU
		{724FA077-72D4-471C-8534-B013B0CA5AF0}.Release|Any CPU.ActiveCfg = Release|Any CPU
		{724FA077-72D4-471C-8534-B013B0CA5AF0}.Release|Any CPU.Build.0 = Release|Any CPU
	EndGlobalSection
	GlobalSection(SolutionProperties) = preSolution
		HideSolutionNode = FALSE
	EndGlobalSection
	GlobalSection(ExtensibilityGlobals) = postSolution
		SolutionGuid = {BCC32EF5-EDB3-4401-8490-CE16B5D84B58}
	EndGlobalSection
EndGlobal
